
Microsoft Visual Studio Solution File, Format Version 12.00
# Visual Studio Version 17
VisualStudioVersion = 17.9.34723.18
MinimumVisualStudioVersion = 10.0.40219.1
Project("{9A19103F-16F7-4668-BE54-9A1E7A4F7556}") = "tetris", "tetris\tetris.csproj", "{2169F102-FE12-4720-958E-DA755D98164A}"
EndProject
Project("{9A19103F-16F7-4668-BE54-9A1E7A4F7556}") = "tetris.Desktop", "tetris.Desktop\tetris.Desktop.csproj", "{355F8392-854D-45B9-A772-EBA0EE0DB75A}"
EndProject
Global
	GlobalSection(SolutionConfigurationPlatforms) = preSolution
		Debug|Any CPU = Debug|Any CPU
		Release|Any CPU = Release|Any CPU
	EndGlobalSection
	GlobalSection(ProjectConfigurationPlatforms) = postSolution
		{2169F102-FE12-4720-958E-DA755D98164A}.Debug|Any CPU.ActiveCfg = Debug|Any CPU
		{2169F102-FE12-4720-958E-DA755D98164A}.Debug|Any CPU.Build.0 = Debug|Any CPU
		{2169F102-FE12-4720-958E-DA755D98164A}.Release|Any CPU.ActiveCfg = Release|Any CPU
		{2169F102-FE12-4720-958E-DA755D98164A}.Release|Any CPU.Build.0 = Release|Any CPU
		{355F8392-854D-45B9-A772-EBA0EE0DB75A}.Debug|Any CPU.ActiveCfg = Debug|Any CPU
		{355F8392-854D-45B9-A772-EBA0EE0DB75A}.Debug|Any CPU.Build.0 = Debug|Any CPU
		{355F8392-854D-45B9-A772-EBA0EE0DB75A}.Release|Any CPU.ActiveCfg = Release|Any CPU
		{355F8392-854D-45B9-A772-EBA0EE0DB75A}.Release|Any CPU.Build.0 = Release|Any CPU
	EndGlobalSection
	GlobalSection(SolutionProperties) = preSolution
		HideSolutionNode = FALSE
	EndGlobalSection
	GlobalSection(ExtensibilityGlobals) = postSolution
		SolutionGuid = {4D32F45D-EDD4-45F0-B621-4EFBE21E64CC}
	EndGlobalSection
EndGlobal
